
Microsoft Visual Studio Solution File, Format Version 12.00
# Visual Studio Version 17
VisualStudioVersion = 17.2.32630.192
MinimumVisualStudioVersion = 10.0.40219.1
Project("{FAE04EC0-301F-11D3-BF4B-00C04F79EFBC}") = "GameStore", "GameStore\GameStore.csproj", "{829EE681-4ECB-4D2F-80B7-ADD8EE74514A}"
EndProject
Global
	GlobalSection(SolutionConfigurationPlatforms) = preSolution
		Debug|Any CPU = Debug|Any CPU
		Release|Any CPU = Release|Any CPU
	EndGlobalSection
	GlobalSection(ProjectConfigurationPlatforms) = postSolution
		{829EE681-4ECB-4D2F-80B7-ADD8EE74514A}.Debug|Any CPU.ActiveCfg = Debug|Any CPU
		{829EE681-4ECB-4D2F-80B7-ADD8EE74514A}.Debug|Any CPU.Build.0 = Debug|Any CPU
		{829EE681-4ECB-4D2F-80B7-ADD8EE74514A}.Release|Any CPU.ActiveCfg = Release|Any CPU
		{829EE681-4ECB-4D2F-80B7-ADD8EE74514A}.Release|Any CPU.Build.0 = Release|Any CPU
	EndGlobalSection
	GlobalSection(SolutionProperties) = preSolution
		HideSolutionNode = FALSE
	EndGlobalSection
	GlobalSection(ExtensibilityGlobals) = postSolution
		SolutionGuid = {FD5881C0-EE92-4164-ADC0-35C49871299A}
	EndGlobalSection
EndGlobal
